
Microsoft Visual Studio Solution File, Format Version 12.00
# Visual Studio Version 17
VisualStudioVersion = 17.4.33213.308
MinimumVisualStudioVersion = 10.0.40219.1
Project("{FAE04EC0-301F-11D3-BF4B-00C04F79EFBC}") = "FightAI", "FightAI\FightAI.csproj", "{B1EC79A1-1E25-4E39-A7CA-3716EAA74667}"
EndProject
Global
	GlobalSection(SolutionConfigurationPlatforms) = preSolution
		Debug|Any CPU = Debug|Any CPU
		Release|Any CPU = Release|Any CPU
	EndGlobalSection
	GlobalSection(ProjectConfigurationPlatforms) = postSolution
		{B1EC79A1-1E25-4E39-A7CA-3716EAA74667}.Debug|Any CPU.ActiveCfg = Debug|Any CPU
		{B1EC79A1-1E25-4E39-A7CA-3716EAA74667}.Debug|Any CPU.Build.0 = Debug|Any CPU
		{B1EC79A1-1E25-4E39-A7CA-3716EAA74667}.Release|Any CPU.ActiveCfg = Release|Any CPU
		{B1EC79A1-1E25-4E39-A7CA-3716EAA74667}.Release|Any CPU.Build.0 = Release|Any CPU
	EndGlobalSection
	GlobalSection(SolutionProperties) = preSolution
		HideSolutionNode = FALSE
	EndGlobalSection
	GlobalSection(ExtensibilityGlobals) = postSolution
		SolutionGuid = {AFA892E9-A5B0-4CFD-A66D-18020FF0765F}
	EndGlobalSection
EndGlobal
